
Microsoft Visual Studio Solution File, Format Version 11.00
# Visual Studio 2010
Project("{FAE04EC0-301F-11D3-BF4B-00C04F79EFBC}") = "Assembly-CSharp", "Assembly-CSharp.csproj", "{1ba6d4c3-8f6b-f2db-5dcc-2dbc4d304386}"
EndProject
Project("{FAE04EC0-301F-11D3-BF4B-00C04F79EFBC}") = "Assembly-CSharp", "Assembly-CSharp.Player.csproj", "{3e7e2ec5-ac53-b5b8-fe43-a773888400c0}"
EndProject
Global
	GlobalSection(SolutionConfigurationPlatforms) = preSolution
		Debug|Any CPU = Debug|Any CPU
	EndGlobalSection
	GlobalSection(ProjectConfigurationPlatforms) = postSolution
		{1ba6d4c3-8f6b-f2db-5dcc-2dbc4d304386}.Debug|Any CPU.ActiveCfg = Debug|Any CPU
		{1ba6d4c3-8f6b-f2db-5dcc-2dbc4d304386}.Debug|Any CPU.Build.0 = Debug|Any CPU
		{3e7e2ec5-ac53-b5b8-fe43-a773888400c0}.Debug|Any CPU.ActiveCfg = Debug|Any CPU
		{3e7e2ec5-ac53-b5b8-fe43-a773888400c0}.Debug|Any CPU.Build.0 = Debug|Any CPU
	EndGlobalSection
	GlobalSection(SolutionProperties) = preSolution
		HideSolutionNode = FALSE
	EndGlobalSection
EndGlobal
